
Microsoft Visual Studio Solution File, Format Version 12.00
# Visual Studio 15
VisualStudioVersion = 15.0.26730.12
MinimumVisualStudioVersion = 10.0.40219.1
Project("{FAE04EC0-301F-11D3-BF4B-00C04F79EFBC}") = "AtualizadorMatriculas", "AtualizadorMatriculas\AtualizadorMatriculas.csproj", "{28B619FF-74D2-4714-AD84-786A971363D0}"
EndProject
Global
	GlobalSection(SolutionConfigurationPlatforms) = preSolution
		Debug|Any CPU = Debug|Any CPU
		Release|Any CPU = Release|Any CPU
	EndGlobalSection
	GlobalSection(ProjectConfigurationPlatforms) = postSolution
		{28B619FF-74D2-4714-AD84-786A971363D0}.Debug|Any CPU.ActiveCfg = Debug|Any CPU
		{28B619FF-74D2-4714-AD84-786A971363D0}.Debug|Any CPU.Build.0 = Debug|Any CPU
		{28B619FF-74D2-4714-AD84-786A971363D0}.Release|Any CPU.ActiveCfg = Release|Any CPU
		{28B619FF-74D2-4714-AD84-786A971363D0}.Release|Any CPU.Build.0 = Release|Any CPU
	EndGlobalSection
	GlobalSection(SolutionProperties) = preSolution
		HideSolutionNode = FALSE
	EndGlobalSection
	GlobalSection(ExtensibilityGlobals) = postSolution
		SolutionGuid = {3E67B28F-59CC-40F6-A4FD-0A0ED0830498}
	EndGlobalSection
EndGlobal
